
Microsoft Visual Studio Solution File, Format Version 12.00
# Visual Studio Version 16
VisualStudioVersion = 16.0.30907.101
MinimumVisualStudioVersion = 10.0.40219.1
Project("{FAE04EC0-301F-11D3-BF4B-00C04F79EFBC}") = "ConsoleApp3", "ConsoleApp3\ConsoleApp3.csproj", "{B4D81E49-299D-4C33-87BD-8580190A8299}"
EndProject
Project("{FAE04EC0-301F-11D3-BF4B-00C04F79EFBC}") = "UnitTestProject1", "UnitTestProject1\UnitTestProject1.csproj", "{C5FD1AFC-1861-44C4-93D7-7836020D8311}"
EndProject
Project("{FAE04EC0-301F-11D3-BF4B-00C04F79EFBC}") = "WindowsFormsApp1", "WindowsFormsApp1\WindowsFormsApp1.csproj", "{756047EF-D9CA-4CF3-82BC-1002F632C228}"
EndProject
Global
	GlobalSection(SolutionConfigurationPlatforms) = preSolution
		Debug|Any CPU = Debug|Any CPU
		Release|Any CPU = Release|Any CPU
	EndGlobalSection
	GlobalSection(ProjectConfigurationPlatforms) = postSolution
		{B4D81E49-299D-4C33-87BD-8580190A8299}.Debug|Any CPU.ActiveCfg = Debug|Any CPU
		{B4D81E49-299D-4C33-87BD-8580190A8299}.Debug|Any CPU.Build.0 = Debug|Any CPU
		{B4D81E49-299D-4C33-87BD-8580190A8299}.Release|Any CPU.ActiveCfg = Release|Any CPU
		{B4D81E49-299D-4C33-87BD-8580190A8299}.Release|Any CPU.Build.0 = Release|Any CPU
		{C5FD1AFC-1861-44C4-93D7-7836020D8311}.Debug|Any CPU.ActiveCfg = Debug|Any CPU
		{C5FD1AFC-1861-44C4-93D7-7836020D8311}.Debug|Any CPU.Build.0 = Debug|Any CPU
		{C5FD1AFC-1861-44C4-93D7-7836020D8311}.Release|Any CPU.ActiveCfg = Release|Any CPU
		{C5FD1AFC-1861-44C4-93D7-7836020D8311}.Release|Any CPU.Build.0 = Release|Any CPU
		{756047EF-D9CA-4CF3-82BC-1002F632C228}.Debug|Any CPU.ActiveCfg = Debug|Any CPU
		{756047EF-D9CA-4CF3-82BC-1002F632C228}.Debug|Any CPU.Build.0 = Debug|Any CPU
		{756047EF-D9CA-4CF3-82BC-1002F632C228}.Release|Any CPU.ActiveCfg = Release|Any CPU
		{756047EF-D9CA-4CF3-82BC-1002F632C228}.Release|Any CPU.Build.0 = Release|Any CPU
	EndGlobalSection
	GlobalSection(SolutionProperties) = preSolution
		HideSolutionNode = FALSE
	EndGlobalSection
	GlobalSection(ExtensibilityGlobals) = postSolution
		SolutionGuid = {8DF848F8-915E-4021-9A71-EE7C27EE9DBF}
	EndGlobalSection
EndGlobal
